{
  "originHash" : "a9bb1fb1278ea5ba9bc119b64217984340db1263efc8a993162ac84b35da5388",
  "pins" : [
    {
      "identity" : "lottie-ios",
      "kind" : "remoteSourceControl",
      "location" : "https://github.com/airbnb/lottie-ios.git",
      "state" : {
        "revision" : "769b88d83a42ca8d5572b020c96f47e3690b3796",
        "version" : "4.4.3"
      }
    },
    {
      "identity" : "spine",
      "kind" : "remoteSourceControl",
      "location" : "https://github.com/maxgribov/Spine",
      "state" : {
        "revision" : "8992a203febef0041bf3cfd64dfaf101d8f55629",
        "version" : "3.0.4"
      }
    }
  ],
  "version" : 3
}
