// !$*UTF8*$!
{
	archiveVersion = 1;
	classes = {
	};
	objectVersion = 56;
	objects = {

/* Begin PBXBuildFile section */
		EC3834E72BDF64930034335E /* Lottie in Frameworks */ = {isa = PBXBuildFile; productRef = EC3834E62BDF64930034335E /* Lottie */; };
		EC3834EC2BDF6C240034335E /* Spine in Frameworks */ = {isa = PBXBuildFile; productRef = EC3834EB2BDF6C240034335E /* Spine */; };
		EC3834EE2BDF86740034335E /* WinningScene.swift in Sources */ = {isa = PBXBuildFile; fileRef = EC3834ED2BDF86740034335E /* WinningScene.swift */; };
		EC3834F02BDF91730034335E /* LosingScene.swift in Sources */ = {isa = PBXBuildFile; fileRef = EC3834EF2BDF91730034335E /* LosingScene.swift */; };
		EC3834F22BDFAA530034335E /* MeteorScene.swift in Sources */ = {isa = PBXBuildFile; fileRef = EC3834F12BDFAA530034335E /* MeteorScene.swift */; };
		EC3834F82BE002EA0034335E /* heartbeat-12sec.mp3 in Resources */ = {isa = PBXBuildFile; fileRef = EC3834F72BE002EA0034335E /* heartbeat-12sec.mp3 */; };
		EC3835042BE009EA0034335E /* heartbeat-deathscene.mp3 in Resources */ = {isa = PBXBuildFile; fileRef = EC3835032BE009EA0034335E /* heartbeat-deathscene.mp3 */; };
		EC3835122BE08FB10034335E /* intro-spooky.MP3 in Resources */ = {isa = PBXBuildFile; fileRef = EC3835112BE08FB10034335E /* intro-spooky.MP3 */; };
		EC64E7C32BDA0F2D0049F7A2 /* DontDieInMarsApp.swift in Sources */ = {isa = PBXBuildFile; fileRef = EC64E7C22BDA0F2D0049F7A2 /* DontDieInMarsApp.swift */; };
		EC64E7C52BDA0F2D0049F7A2 /* ContentView.swift in Sources */ = {isa = PBXBuildFile; fileRef = EC64E7C42BDA0F2D0049F7A2 /* ContentView.swift */; };
		EC64E7CA2BDA0F2F0049F7A2 /* Preview Assets.xcassets in Resources */ = {isa = PBXBuildFile; fileRef = EC64E7C92BDA0F2F0049F7A2 /* Preview Assets.xcassets */; };
		EC64E7D12BDA13570049F7A2 /* StartScene.sks in Resources */ = {isa = PBXBuildFile; fileRef = EC64E7D02BDA13570049F7A2 /* StartScene.sks */; };
		EC64E7D32BDA173B0049F7A2 /* GameScene.swift in Sources */ = {isa = PBXBuildFile; fileRef = EC64E7D22BDA173B0049F7A2 /* GameScene.swift */; };
		EC64E7DC2BDA447C0049F7A2 /* MyActions.sks in Resources */ = {isa = PBXBuildFile; fileRef = EC64E7DB2BDA447C0049F7A2 /* MyActions.sks */; };
		EC64E7DE2BDA529E0049F7A2 /* Assets.xcassets in Resources */ = {isa = PBXBuildFile; fileRef = EC64E7DD2BDA529E0049F7A2 /* Assets.xcassets */; };
		ECF2095D2BE0D3AE00881799 /* IntroScene.swift in Sources */ = {isa = PBXBuildFile; fileRef = ECF2095C2BE0D3AE00881799 /* IntroScene.swift */; };
		ECF2095F2BE1393400881799 /* TestScene.swift in Sources */ = {isa = PBXBuildFile; fileRef = ECF2095E2BE1393400881799 /* TestScene.swift */; };
		ECF209632BE2035B00881799 /* TransitionDustScene.swift in Sources */ = {isa = PBXBuildFile; fileRef = ECF209622BE2035B00881799 /* TransitionDustScene.swift */; };
		ECF209652BE2037400881799 /* TransitionDustAnnouncementScene.swift in Sources */ = {isa = PBXBuildFile; fileRef = ECF209642BE2037400881799 /* TransitionDustAnnouncementScene.swift */; };
		ECF209672BE2057000881799 /* duststorm.mp3 in Resources */ = {isa = PBXBuildFile; fileRef = ECF209662BE2057000881799 /* duststorm.mp3 */; };
		ECF2096A2BE2057E00881799 /* dust-announcement.mp3 in Resources */ = {isa = PBXBuildFile; fileRef = ECF209692BE2057E00881799 /* dust-announcement.mp3 */; };
		ECF2096D2BE2215000881799 /* EndingScene.swift in Sources */ = {isa = PBXBuildFile; fileRef = ECF2096C2BE2215000881799 /* EndingScene.swift */; };
		ECF2096F2BE2269200881799 /* WinningScene1.swift in Sources */ = {isa = PBXBuildFile; fileRef = ECF2096E2BE2269200881799 /* WinningScene1.swift */; };
		ECF209712BE226A900881799 /* WinningScene2.swift in Sources */ = {isa = PBXBuildFile; fileRef = ECF209702BE226A900881799 /* WinningScene2.swift */; };
		ECF209732BE2278A00881799 /* meteor-announcement.mp3 in Resources */ = {isa = PBXBuildFile; fileRef = ECF209722BE2278A00881799 /* meteor-announcement.mp3 */; };
		ECF209762BE2279300881799 /* checkmark.mp3 in Resources */ = {isa = PBXBuildFile; fileRef = ECF209752BE2279300881799 /* checkmark.mp3 */; };
/* End PBXBuildFile section */

/* Begin PBXFileReference section */
		EC3834ED2BDF86740034335E /* WinningScene.swift */ = {isa = PBXFileReference; lastKnownFileType = sourcecode.swift; path = WinningScene.swift; sourceTree = "<group>"; };
		EC3834EF2BDF91730034335E /* LosingScene.swift */ = {isa = PBXFileReference; lastKnownFileType = sourcecode.swift; path = LosingScene.swift; sourceTree = "<group>"; };
		EC3834F12BDFAA530034335E /* MeteorScene.swift */ = {isa = PBXFileReference; lastKnownFileType = sourcecode.swift; path = MeteorScene.swift; sourceTree = "<group>"; };
		EC3834F72BE002EA0034335E /* heartbeat-12sec.mp3 */ = {isa = PBXFileReference; lastKnownFileType = audio.mp3; path = "heartbeat-12sec.mp3"; sourceTree = "<group>"; };
		EC3835032BE009EA0034335E /* heartbeat-deathscene.mp3 */ = {isa = PBXFileReference; lastKnownFileType = audio.mp3; name = "heartbeat-deathscene.mp3"; path = "../../../Downloads/heartbeat-deathscene.mp3"; sourceTree = "<group>"; };
		EC3835052BE009ED0034335E /* heartbeat-deathscene.mp3 */ = {isa = PBXFileReference; lastKnownFileType = audio.mp3; path = "heartbeat-deathscene.mp3"; sourceTree = "<group>"; };
		EC3835112BE08FB10034335E /* intro-spooky.MP3 */ = {isa = PBXFileReference; lastKnownFileType = audio.mp3; name = "intro-spooky.MP3"; path = "../../Downloads/intro-spooky.MP3"; sourceTree = "<group>"; };
		EC3835132BE08FB50034335E /* intro-spooky.MP3 */ = {isa = PBXFileReference; lastKnownFileType = audio.mp3; path = "intro-spooky.MP3"; sourceTree = "<group>"; };
		EC64E7BF2BDA0F2D0049F7A2 /* DontDieInMars.app */ = {isa = PBXFileReference; explicitFileType = wrapper.application; includeInIndex = 0; path = DontDieInMars.app; sourceTree = BUILT_PRODUCTS_DIR; };
		EC64E7C22BDA0F2D0049F7A2 /* DontDieInMarsApp.swift */ = {isa = PBXFileReference; lastKnownFileType = sourcecode.swift; path = DontDieInMarsApp.swift; sourceTree = "<group>"; };
		EC64E7C42BDA0F2D0049F7A2 /* ContentView.swift */ = {isa = PBXFileReference; lastKnownFileType = sourcecode.swift; path = ContentView.swift; sourceTree = "<group>"; };
		EC64E7C92BDA0F2F0049F7A2 /* Preview Assets.xcassets */ = {isa = PBXFileReference; lastKnownFileType = folder.assetcatalog; path = "Preview Assets.xcassets"; sourceTree = "<group>"; };
		EC64E7D02BDA13570049F7A2 /* StartScene.sks */ = {isa = PBXFileReference; lastKnownFileType = file.sks; path = StartScene.sks; sourceTree = "<group>"; };
		EC64E7D22BDA173B0049F7A2 /* GameScene.swift */ = {isa = PBXFileReference; lastKnownFileType = sourcecode.swift; path = GameScene.swift; sourceTree = "<group>"; };
		EC64E7DB2BDA447C0049F7A2 /* MyActions.sks */ = {isa = PBXFileReference; lastKnownFileType = file.sks; path = MyActions.sks; sourceTree = "<group>"; };
		EC64E7DD2BDA529E0049F7A2 /* Assets.xcassets */ = {isa = PBXFileReference; lastKnownFileType = folder.assetcatalog; path = Assets.xcassets; sourceTree = "<group>"; };
		ECF2095C2BE0D3AE00881799 /* IntroScene.swift */ = {isa = PBXFileReference; lastKnownFileType = sourcecode.swift; path = IntroScene.swift; sourceTree = "<group>"; };
		ECF2095E2BE1393400881799 /* TestScene.swift */ = {isa = PBXFileReference; lastKnownFileType = sourcecode.swift; path = TestScene.swift; sourceTree = "<group>"; };
		ECF209622BE2035B00881799 /* TransitionDustScene.swift */ = {isa = PBXFileReference; lastKnownFileType = sourcecode.swift; path = TransitionDustScene.swift; sourceTree = "<group>"; };
		ECF209642BE2037400881799 /* TransitionDustAnnouncementScene.swift */ = {isa = PBXFileReference; lastKnownFileType = sourcecode.swift; path = TransitionDustAnnouncementScene.swift; sourceTree = "<group>"; };
		ECF209662BE2057000881799 /* duststorm.mp3 */ = {isa = PBXFileReference; lastKnownFileType = audio.mp3; name = duststorm.mp3; path = "../../../Dropbox (Developer Academy)/dont-die-in-mars/duststorm.mp3"; sourceTree = "<group>"; };
		ECF209682BE2057500881799 /* duststorm.mp3 */ = {isa = PBXFileReference; lastKnownFileType = audio.mp3; path = duststorm.mp3; sourceTree = "<group>"; };
		ECF209692BE2057E00881799 /* dust-announcement.mp3 */ = {isa = PBXFileReference; lastKnownFileType = audio.mp3; name = "dust-announcement.mp3"; path = "../../../Dropbox (Developer Academy)/dont-die-in-mars/dust-announcement.mp3"; sourceTree = "<group>"; };
		ECF2096B2BE2058100881799 /* dust-announcement.mp3 */ = {isa = PBXFileReference; lastKnownFileType = audio.mp3; path = "dust-announcement.mp3"; sourceTree = "<group>"; };
		ECF2096C2BE2215000881799 /* EndingScene.swift */ = {isa = PBXFileReference; lastKnownFileType = sourcecode.swift; path = EndingScene.swift; sourceTree = "<group>"; };
		ECF2096E2BE2269200881799 /* WinningScene1.swift */ = {isa = PBXFileReference; lastKnownFileType = sourcecode.swift; path = WinningScene1.swift; sourceTree = "<group>"; };
		ECF209702BE226A900881799 /* WinningScene2.swift */ = {isa = PBXFileReference; lastKnownFileType = sourcecode.swift; path = WinningScene2.swift; sourceTree = "<group>"; };
		ECF209722BE2278A00881799 /* meteor-announcement.mp3 */ = {isa = PBXFileReference; lastKnownFileType = audio.mp3; name = "meteor-announcement.mp3"; path = "../../Downloads/meteor-announcement.mp3"; sourceTree = "<group>"; };
		ECF209742BE2278C00881799 /* meteor-announcement.mp3 */ = {isa = PBXFileReference; lastKnownFileType = audio.mp3; path = "meteor-announcement.mp3"; sourceTree = "<group>"; };
		ECF209752BE2279300881799 /* checkmark.mp3 */ = {isa = PBXFileReference; lastKnownFileType = audio.mp3; name = checkmark.mp3; path = ../../Downloads/checkmark.mp3; sourceTree = "<group>"; };
		ECF209772BE2279A00881799 /* checkmark.mp3 */ = {isa = PBXFileReference; lastKnownFileType = audio.mp3; path = checkmark.mp3; sourceTree = "<group>"; };
		ECF2097C2BE2288400881799 /* meteor-announcement.mp3 */ = {isa = PBXFileReference; lastKnownFileType = audio.mp3; path = "meteor-announcement.mp3"; sourceTree = "<group>"; };
		ECF2097D2BE2288400881799 /* intro-spooky.MP3 */ = {isa = PBXFileReference; lastKnownFileType = audio.mp3; path = "intro-spooky.MP3"; sourceTree = "<group>"; };
		ECF2097E2BE2288400881799 /* checkmark.mp3 */ = {isa = PBXFileReference; lastKnownFileType = audio.mp3; path = checkmark.mp3; sourceTree = "<group>"; };
		ECF2097F2BE2288A00881799 /* intro-spooky.MP3 */ = {isa = PBXFileReference; lastKnownFileType = audio.mp3; name = "intro-spooky.MP3"; path = "../../../Downloads/intro-spooky.MP3"; sourceTree = "<group>"; };
		ECF209802BE2288D00881799 /* meteor-announcement.mp3 */ = {isa = PBXFileReference; lastKnownFileType = audio.mp3; name = "meteor-announcement.mp3"; path = "../../../Downloads/meteor-announcement.mp3"; sourceTree = "<group>"; };
/* End PBXFileReference section */

/* Begin PBXFrameworksBuildPhase section */
		EC64E7BC2BDA0F2D0049F7A2 /* Frameworks */ = {
			isa = PBXFrameworksBuildPhase;
			buildActionMask = 2147483647;
			files = (
				EC3834EC2BDF6C240034335E /* Spine in Frameworks */,
				EC3834E72BDF64930034335E /* Lottie in Frameworks */,
			);
			runOnlyForDeploymentPostprocessing = 0;
		};
/* End PBXFrameworksBuildPhase section */

/* Begin PBXGroup section */
		EC64E7B62BDA0F2D0049F7A2 = {
			isa = PBXGroup;
			children = (
				EC64E7C22BDA0F2D0049F7A2 /* DontDieInMarsApp.swift */,
				ECF2097B2BE2287E00881799 /* Audio */,
				EC3835112BE08FB10034335E /* intro-spooky.MP3 */,
				ECF209722BE2278A00881799 /* meteor-announcement.mp3 */,
				ECF209752BE2279300881799 /* checkmark.mp3 */,
				EC64E7DD2BDA529E0049F7A2 /* Assets.xcassets */,
				EC64E7C12BDA0F2D0049F7A2 /* DontDieInMars */,
				EC64E7C02BDA0F2D0049F7A2 /* Products */,
			);
			sourceTree = "<group>";
		};
		EC64E7C02BDA0F2D0049F7A2 /* Products */ = {
			isa = PBXGroup;
			children = (
				EC64E7BF2BDA0F2D0049F7A2 /* DontDieInMars.app */,
			);
			name = Products;
			sourceTree = "<group>";
		};
		EC64E7C12BDA0F2D0049F7A2 /* DontDieInMars */ = {
			isa = PBXGroup;
			children = (
				ECF209812BE228F600881799 /* Unused */,
				ECF209782BE2283E00881799 /* Start Scene */,
				ECF209792BE2285100881799 /* Dust Scene */,
				ECF2097A2BE2285900881799 /* MeteorScene */,
				ECF209772BE2279A00881799 /* checkmark.mp3 */,
				ECF209742BE2278C00881799 /* meteor-announcement.mp3 */,
				ECF209692BE2057E00881799 /* dust-announcement.mp3 */,
				ECF209662BE2057000881799 /* duststorm.mp3 */,
				EC3835032BE009EA0034335E /* heartbeat-deathscene.mp3 */,
				EC3835132BE08FB50034335E /* intro-spooky.MP3 */,
				EC64E7C82BDA0F2F0049F7A2 /* Preview Content */,
			);
			path = DontDieInMars;
			sourceTree = "<group>";
		};
		EC64E7C82BDA0F2F0049F7A2 /* Preview Content */ = {
			isa = PBXGroup;
			children = (
				EC64E7C92BDA0F2F0049F7A2 /* Preview Assets.xcassets */,
			);
			path = "Preview Content";
			sourceTree = "<group>";
		};
		ECF209782BE2283E00881799 /* Start Scene */ = {
			isa = PBXGroup;
			children = (
				EC64E7C42BDA0F2D0049F7A2 /* ContentView.swift */,
				ECF2095C2BE0D3AE00881799 /* IntroScene.swift */,
				EC64E7DB2BDA447C0049F7A2 /* MyActions.sks */,
				EC64E7D02BDA13570049F7A2 /* StartScene.sks */,
			);
			path = "Start Scene";
			sourceTree = "<group>";
		};
		ECF209792BE2285100881799 /* Dust Scene */ = {
			isa = PBXGroup;
			children = (
				ECF209622BE2035B00881799 /* TransitionDustScene.swift */,
				ECF209642BE2037400881799 /* TransitionDustAnnouncementScene.swift */,
				EC64E7D22BDA173B0049F7A2 /* GameScene.swift */,
				ECF2096E2BE2269200881799 /* WinningScene1.swift */,
				EC3834EF2BDF91730034335E /* LosingScene.swift */,
			);
			path = "Dust Scene";
			sourceTree = "<group>";
		};
		ECF2097A2BE2285900881799 /* MeteorScene */ = {
			isa = PBXGroup;
			children = (
				EC3834F12BDFAA530034335E /* MeteorScene.swift */,
				ECF209702BE226A900881799 /* WinningScene2.swift */,
				ECF2096C2BE2215000881799 /* EndingScene.swift */,
			);
			path = MeteorScene;
			sourceTree = "<group>";
		};
		ECF2097B2BE2287E00881799 /* Audio */ = {
			isa = PBXGroup;
			children = (
				EC3834F72BE002EA0034335E /* heartbeat-12sec.mp3 */,
				ECF2097D2BE2288400881799 /* intro-spooky.MP3 */,
				ECF209802BE2288D00881799 /* meteor-announcement.mp3 */,
				EC3835052BE009ED0034335E /* heartbeat-deathscene.mp3 */,
				ECF2096B2BE2058100881799 /* dust-announcement.mp3 */,
				ECF209682BE2057500881799 /* duststorm.mp3 */,
				ECF2097C2BE2288400881799 /* meteor-announcement.mp3 */,
				ECF2097E2BE2288400881799 /* checkmark.mp3 */,
				ECF2097F2BE2288A00881799 /* intro-spooky.MP3 */,
			);
			path = Audio;
			sourceTree = "<group>";
		};
		ECF209812BE228F600881799 /* Unused */ = {
			isa = PBXGroup;
			children = (
				EC3834ED2BDF86740034335E /* WinningScene.swift */,
				ECF2095E2BE1393400881799 /* TestScene.swift */,
			);
			path = Unused;
			sourceTree = "<group>";
		};
/* End PBXGroup section */

/* Begin PBXNativeTarget section */
		EC64E7BE2BDA0F2D0049F7A2 /* DontDieInMars */ = {
			isa = PBXNativeTarget;
			buildConfigurationList = EC64E7CD2BDA0F2F0049F7A2 /* Build configuration list for PBXNativeTarget "DontDieInMars" */;
			buildPhases = (
				EC64E7BB2BDA0F2D0049F7A2 /* Sources */,
				EC64E7BC2BDA0F2D0049F7A2 /* Frameworks */,
				EC64E7BD2BDA0F2D0049F7A2 /* Resources */,
			);
			buildRules = (
			);
			dependencies = (
			);
			name = DontDieInMars;
			packageProductDependencies = (
				EC3834E62BDF64930034335E /* Lottie */,
				EC3834EB2BDF6C240034335E /* Spine */,
			);
			productName = DontDieInMarsSelfMade;
			productReference = EC64E7BF2BDA0F2D0049F7A2 /* DontDieInMars.app */;
			productType = "com.apple.product-type.application";
		};
/* End PBXNativeTarget section */

/* Begin PBXProject section */
		EC64E7B72BDA0F2D0049F7A2 /* Project object */ = {
			isa = PBXProject;
			attributes = {
				BuildIndependentTargetsInParallel = 1;
				LastSwiftUpdateCheck = 1530;
				LastUpgradeCheck = 1530;
				TargetAttributes = {
					EC64E7BE2BDA0F2D0049F7A2 = {
						CreatedOnToolsVersion = 15.3;
					};
				};
			};
			buildConfigurationList = EC64E7BA2BDA0F2D0049F7A2 /* Build configuration list for PBXProject "DontDieInMars" */;
			compatibilityVersion = "Xcode 14.0";
			developmentRegion = en;
			hasScannedForEncodings = 0;
			knownRegions = (
				en,
				Base,
			);
			mainGroup = EC64E7B62BDA0F2D0049F7A2;
			packageReferences = (
				EC3834E52BDF64930034335E /* XCRemoteSwiftPackageReference "lottie-ios" */,
				EC3834EA2BDF6C240034335E /* XCRemoteSwiftPackageReference "Spine" */,
			);
			productRefGroup = EC64E7C02BDA0F2D0049F7A2 /* Products */;
			projectDirPath = "";
			projectRoot = "";
			targets = (
				EC64E7BE2BDA0F2D0049F7A2 /* DontDieInMars */,
			);
		};
/* End PBXProject section */

/* Begin PBXResourcesBuildPhase section */
		EC64E7BD2BDA0F2D0049F7A2 /* Resources */ = {
			isa = PBXResourcesBuildPhase;
			buildActionMask = 2147483647;
			files = (
				ECF209672BE2057000881799 /* duststorm.mp3 in Resources */,
				EC3834F82BE002EA0034335E /* heartbeat-12sec.mp3 in Resources */,
				EC64E7CA2BDA0F2F0049F7A2 /* Preview Assets.xcassets in Resources */,
				EC3835122BE08FB10034335E /* intro-spooky.MP3 in Resources */,
				ECF2096A2BE2057E00881799 /* dust-announcement.mp3 in Resources */,
				ECF209762BE2279300881799 /* checkmark.mp3 in Resources */,
				ECF209732BE2278A00881799 /* meteor-announcement.mp3 in Resources */,
				EC64E7D12BDA13570049F7A2 /* StartScene.sks in Resources */,
				EC3835042BE009EA0034335E /* heartbeat-deathscene.mp3 in Resources */,
				EC64E7DE2BDA529E0049F7A2 /* Assets.xcassets in Resources */,
				EC64E7DC2BDA447C0049F7A2 /* MyActions.sks in Resources */,
			);
			runOnlyForDeploymentPostprocessing = 0;
		};
/* End PBXResourcesBuildPhase section */

/* Begin PBXSourcesBuildPhase section */
		EC64E7BB2BDA0F2D0049F7A2 /* Sources */ = {
			isa = PBXSourcesBuildPhase;
			buildActionMask = 2147483647;
			files = (
				ECF2095F2BE1393400881799 /* TestScene.swift in Sources */,
				ECF2096D2BE2215000881799 /* EndingScene.swift in Sources */,
				EC64E7D32BDA173B0049F7A2 /* GameScene.swift in Sources */,
				ECF209712BE226A900881799 /* WinningScene2.swift in Sources */,
				ECF209632BE2035B00881799 /* TransitionDustScene.swift in Sources */,
				EC3834EE2BDF86740034335E /* WinningScene.swift in Sources */,
				ECF209652BE2037400881799 /* TransitionDustAnnouncementScene.swift in Sources */,
				ECF2095D2BE0D3AE00881799 /* IntroScene.swift in Sources */,
				EC64E7C52BDA0F2D0049F7A2 /* ContentView.swift in Sources */,
				EC64E7C32BDA0F2D0049F7A2 /* DontDieInMarsApp.swift in Sources */,
				EC3834F22BDFAA530034335E /* MeteorScene.swift in Sources */,
				EC3834F02BDF91730034335E /* LosingScene.swift in Sources */,
				ECF2096F2BE2269200881799 /* WinningScene1.swift in Sources */,
			);
			runOnlyForDeploymentPostprocessing = 0;
		};
/* End PBXSourcesBuildPhase section */

/* Begin XCBuildConfiguration section */
		EC64E7CB2BDA0F2F0049F7A2 /* Debug */ = {
			isa = XCBuildConfiguration;
			buildSettings = {
				ALWAYS_SEARCH_USER_PATHS = NO;
				ASSETCATALOG_COMPILER_GENERATE_SWIFT_ASSET_SYMBOL_EXTENSIONS = YES;
				CLANG_ANALYZER_NONNULL = YES;
				CLANG_ANALYZER_NUMBER_OBJECT_CONVERSION = YES_AGGRESSIVE;
				CLANG_CXX_LANGUAGE_STANDARD = "gnu++20";
				CLANG_ENABLE_MODULES = YES;
				CLANG_ENABLE_OBJC_ARC = YES;
				CLANG_ENABLE_OBJC_WEAK = YES;
				CLANG_WARN_BLOCK_CAPTURE_AUTORELEASING = YES;
				CLANG_WARN_BOOL_CONVERSION = YES;
				CLANG_WARN_COMMA = YES;
				CLANG_WARN_CONSTANT_CONVERSION = YES;
				CLANG_WARN_DEPRECATED_OBJC_IMPLEMENTATIONS = YES;
				CLANG_WARN_DIRECT_OBJC_ISA_USAGE = YES_ERROR;
				CLANG_WARN_DOCUMENTATION_COMMENTS = YES;
				CLANG_WARN_EMPTY_BODY = YES;
				CLANG_WARN_ENUM_CONVERSION = YES;
				CLANG_WARN_INFINITE_RECURSION = YES;
				CLANG_WARN_INT_CONVERSION = YES;
				CLANG_WARN_NON_LITERAL_NULL_CONVERSION = YES;
				CLANG_WARN_OBJC_IMPLICIT_RETAIN_SELF = YES;
				CLANG_WARN_OBJC_LITERAL_CONVERSION = YES;
				CLANG_WARN_OBJC_ROOT_CLASS = YES_ERROR;
				CLANG_WARN_QUOTED_INCLUDE_IN_FRAMEWORK_HEADER = YES;
				CLANG_WARN_RANGE_LOOP_ANALYSIS = YES;
				CLANG_WARN_STRICT_PROTOTYPES = YES;
				CLANG_WARN_SUSPICIOUS_MOVE = YES;
				CLANG_WARN_UNGUARDED_AVAILABILITY = YES_AGGRESSIVE;
				CLANG_WARN_UNREACHABLE_CODE = YES;
				CLANG_WARN__DUPLICATE_METHOD_MATCH = YES;
				COPY_PHASE_STRIP = NO;
				DEBUG_INFORMATION_FORMAT = dwarf;
				ENABLE_STRICT_OBJC_MSGSEND = YES;
				ENABLE_TESTABILITY = YES;
				ENABLE_USER_SCRIPT_SANDBOXING = YES;
				GCC_C_LANGUAGE_STANDARD = gnu17;
				GCC_DYNAMIC_NO_PIC = NO;
				GCC_NO_COMMON_BLOCKS = YES;
				GCC_OPTIMIZATION_LEVEL = 0;
				GCC_PREPROCESSOR_DEFINITIONS = (
					"DEBUG=1",
					"$(inherited)",
				);
				GCC_WARN_64_TO_32_BIT_CONVERSION = YES;
				GCC_WARN_ABOUT_RETURN_TYPE = YES_ERROR;
				GCC_WARN_UNDECLARED_SELECTOR = YES;
				GCC_WARN_UNINITIALIZED_AUTOS = YES_AGGRESSIVE;
				GCC_WARN_UNUSED_FUNCTION = YES;
				GCC_WARN_UNUSED_VARIABLE = YES;
				IPHONEOS_DEPLOYMENT_TARGET = 17.2;
				LOCALIZATION_PREFERS_STRING_CATALOGS = YES;
				MTL_ENABLE_DEBUG_INFO = INCLUDE_SOURCE;
				MTL_FAST_MATH = YES;
				ONLY_ACTIVE_ARCH = YES;
				SDKROOT = iphoneos;
				SWIFT_ACTIVE_COMPILATION_CONDITIONS = "DEBUG $(inherited)";
				SWIFT_OPTIMIZATION_LEVEL = "-Onone";
			};
			name = Debug;
		};
		EC64E7CC2BDA0F2F0049F7A2 /* Release */ = {
			isa = XCBuildConfiguration;
			buildSettings = {
				ALWAYS_SEARCH_USER_PATHS = NO;
				ASSETCATALOG_COMPILER_GENERATE_SWIFT_ASSET_SYMBOL_EXTENSIONS = YES;
				CLANG_ANALYZER_NONNULL = YES;
				CLANG_ANALYZER_NUMBER_OBJECT_CONVERSION = YES_AGGRESSIVE;
				CLANG_CXX_LANGUAGE_STANDARD = "gnu++20";
				CLANG_ENABLE_MODULES = YES;
				CLANG_ENABLE_OBJC_ARC = YES;
				CLANG_ENABLE_OBJC_WEAK = YES;
				CLANG_WARN_BLOCK_CAPTURE_AUTORELEASING = YES;
				CLANG_WARN_BOOL_CONVERSION = YES;
				CLANG_WARN_COMMA = YES;
				CLANG_WARN_CONSTANT_CONVERSION = YES;
				CLANG_WARN_DEPRECATED_OBJC_IMPLEMENTATIONS = YES;
				CLANG_WARN_DIRECT_OBJC_ISA_USAGE = YES_ERROR;
				CLANG_WARN_DOCUMENTATION_COMMENTS = YES;
				CLANG_WARN_EMPTY_BODY = YES;
				CLANG_WARN_ENUM_CONVERSION = YES;
				CLANG_WARN_INFINITE_RECURSION = YES;
				CLANG_WARN_INT_CONVERSION = YES;
				CLANG_WARN_NON_LITERAL_NULL_CONVERSION = YES;
				CLANG_WARN_OBJC_IMPLICIT_RETAIN_SELF = YES;
				CLANG_WARN_OBJC_LITERAL_CONVERSION = YES;
				CLANG_WARN_OBJC_ROOT_CLASS = YES_ERROR;
				CLANG_WARN_QUOTED_INCLUDE_IN_FRAMEWORK_HEADER = YES;
				CLANG_WARN_RANGE_LOOP_ANALYSIS = YES;
				CLANG_WARN_STRICT_PROTOTYPES = YES;
				CLANG_WARN_SUSPICIOUS_MOVE = YES;
				CLANG_WARN_UNGUARDED_AVAILABILITY = YES_AGGRESSIVE;
				CLANG_WARN_UNREACHABLE_CODE = YES;
				CLANG_WARN__DUPLICATE_METHOD_MATCH = YES;
				COPY_PHASE_STRIP = NO;
				DEBUG_INFORMATION_FORMAT = "dwarf-with-dsym";
				ENABLE_NS_ASSERTIONS = NO;
				ENABLE_STRICT_OBJC_MSGSEND = YES;
				ENABLE_USER_SCRIPT_SANDBOXING = YES;
				GCC_C_LANGUAGE_STANDARD = gnu17;
				GCC_NO_COMMON_BLOCKS = YES;
				GCC_WARN_64_TO_32_BIT_CONVERSION = YES;
				GCC_WARN_ABOUT_RETURN_TYPE = YES_ERROR;
				GCC_WARN_UNDECLARED_SELECTOR = YES;
				GCC_WARN_UNINITIALIZED_AUTOS = YES_AGGRESSIVE;
				GCC_WARN_UNUSED_FUNCTION = YES;
				GCC_WARN_UNUSED_VARIABLE = YES;
				IPHONEOS_DEPLOYMENT_TARGET = 17.2;
				LOCALIZATION_PREFERS_STRING_CATALOGS = YES;
				MTL_ENABLE_DEBUG_INFO = NO;
				MTL_FAST_MATH = YES;
				SDKROOT = iphoneos;
				SWIFT_COMPILATION_MODE = wholemodule;
				VALIDATE_PRODUCT = YES;
			};
			name = Release;
		};
		EC64E7CE2BDA0F2F0049F7A2 /* Debug */ = {
			isa = XCBuildConfiguration;
			buildSettings = {
				ASSETCATALOG_COMPILER_APPICON_NAME = AppIcon;
				ASSETCATALOG_COMPILER_GLOBAL_ACCENT_COLOR_NAME = AccentColor;
				CODE_SIGN_STYLE = Automatic;
				CURRENT_PROJECT_VERSION = 1;
				DEVELOPMENT_ASSET_PATHS = "\"DontDieInMars/Preview Content\"";
				DEVELOPMENT_TEAM = H68BB9ZMUS;
				ENABLE_PREVIEWS = YES;
				GENERATE_INFOPLIST_FILE = YES;
				INFOPLIST_KEY_UIApplicationSceneManifest_Generation = YES;
				INFOPLIST_KEY_UIApplicationSupportsIndirectInputEvents = YES;
				INFOPLIST_KEY_UILaunchScreen_Generation = YES;
				INFOPLIST_KEY_UISupportedInterfaceOrientations_iPad = "UIInterfaceOrientationPortrait UIInterfaceOrientationPortraitUpsideDown UIInterfaceOrientationLandscapeLeft UIInterfaceOrientationLandscapeRight";
				INFOPLIST_KEY_UISupportedInterfaceOrientations_iPhone = "UIInterfaceOrientationPortrait UIInterfaceOrientationLandscapeLeft UIInterfaceOrientationLandscapeRight";
				LD_RUNPATH_SEARCH_PATHS = (
					"$(inherited)",
					"@executable_path/Frameworks",
				);
				MARKETING_VERSION = 1.0;
				PRODUCT_BUNDLE_IDENTIFIER = com.taniaCresentia.DontDieInMars;
				PRODUCT_NAME = "$(TARGET_NAME)";
				SWIFT_EMIT_LOC_STRINGS = YES;
				SWIFT_VERSION = 5.0;
				TARGETED_DEVICE_FAMILY = "1,2";
			};
			name = Debug;
		};
		EC64E7CF2BDA0F2F0049F7A2 /* Release */ = {
			isa = XCBuildConfiguration;
			buildSettings = {
				ASSETCATALOG_COMPILER_APPICON_NAME = AppIcon;
				ASSETCATALOG_COMPILER_GLOBAL_ACCENT_COLOR_NAME = AccentColor;
				CODE_SIGN_STYLE = Automatic;
				CURRENT_PROJECT_VERSION = 1;
				DEVELOPMENT_ASSET_PATHS = "\"DontDieInMars/Preview Content\"";
				DEVELOPMENT_TEAM = H68BB9ZMUS;
				ENABLE_PREVIEWS = YES;
				GENERATE_INFOPLIST_FILE = YES;
				INFOPLIST_KEY_UIApplicationSceneManifest_Generation = YES;
				INFOPLIST_KEY_UIApplicationSupportsIndirectInputEvents = YES;
				INFOPLIST_KEY_UILaunchScreen_Generation = YES;
				INFOPLIST_KEY_UISupportedInterfaceOrientations_iPad = "UIInterfaceOrientationPortrait UIInterfaceOrientationPortraitUpsideDown UIInterfaceOrientationLandscapeLeft UIInterfaceOrientationLandscapeRight";
				INFOPLIST_KEY_UISupportedInterfaceOrientations_iPhone = "UIInterfaceOrientationPortrait UIInterfaceOrientationLandscapeLeft UIInterfaceOrientationLandscapeRight";
				LD_RUNPATH_SEARCH_PATHS = (
					"$(inherited)",
					"@executable_path/Frameworks",
				);
				MARKETING_VERSION = 1.0;
				PRODUCT_BUNDLE_IDENTIFIER = com.taniaCresentia.DontDieInMars;
				PRODUCT_NAME = "$(TARGET_NAME)";
				SWIFT_EMIT_LOC_STRINGS = YES;
				SWIFT_VERSION = 5.0;
				TARGETED_DEVICE_FAMILY = "1,2";
			};
			name = Release;
		};
/* End XCBuildConfiguration section */

/* Begin XCConfigurationList section */
		EC64E7BA2BDA0F2D0049F7A2 /* Build configuration list for PBXProject "DontDieInMars" */ = {
			isa = XCConfigurationList;
			buildConfigurations = (
				EC64E7CB2BDA0F2F0049F7A2 /* Debug */,
				EC64E7CC2BDA0F2F0049F7A2 /* Release */,
			);
			defaultConfigurationIsVisible = 0;
			defaultConfigurationName = Release;
		};
		EC64E7CD2BDA0F2F0049F7A2 /* Build configuration list for PBXNativeTarget "DontDieInMars" */ = {
			isa = XCConfigurationList;
			buildConfigurations = (
				EC64E7CE2BDA0F2F0049F7A2 /* Debug */,
				EC64E7CF2BDA0F2F0049F7A2 /* Release */,
			);
			defaultConfigurationIsVisible = 0;
			defaultConfigurationName = Release;
		};
/* End XCConfigurationList section */

/* Begin XCRemoteSwiftPackageReference section */
		EC3834E52BDF64930034335E /* XCRemoteSwiftPackageReference "lottie-ios" */ = {
			isa = XCRemoteSwiftPackageReference;
			repositoryURL = "https://github.com/airbnb/lottie-ios";
			requirement = {
				kind = upToNextMajorVersion;
				minimumVersion = 4.4.3;
			};
		};
		EC3834EA2BDF6C240034335E /* XCRemoteSwiftPackageReference "Spine" */ = {
			isa = XCRemoteSwiftPackageReference;
			repositoryURL = "https://github.com/maxgribov/Spine";
			requirement = {
				kind = upToNextMajorVersion;
				minimumVersion = 3.0.4;
			};
		};
/* End XCRemoteSwiftPackageReference section */

/* Begin XCSwiftPackageProductDependency section */
		EC3834E62BDF64930034335E /* Lottie */ = {
			isa = XCSwiftPackageProductDependency;
			package = EC3834E52BDF64930034335E /* XCRemoteSwiftPackageReference "lottie-ios" */;
			productName = Lottie;
		};
		EC3834EB2BDF6C240034335E /* Spine */ = {
			isa = XCSwiftPackageProductDependency;
			package = EC3834EA2BDF6C240034335E /* XCRemoteSwiftPackageReference "Spine" */;
			productName = Spine;
		};
/* End XCSwiftPackageProductDependency section */
	};
	rootObject = EC64E7B72BDA0F2D0049F7A2 /* Project object */;
}
